
Microsoft Visual Studio Solution File, Format Version 12.00
# Visual Studio Version 17
VisualStudioVersion = 17.6.33815.320
MinimumVisualStudioVersion = 10.0.40219.1
Project("{FAE04EC0-301F-11D3-BF4B-00C04F79EFBC}") = "praktika351", "praktika351\praktika351.csproj", "{34C97383-D54E-42D9-830C-D963344BB928}"
EndProject
Global
	GlobalSection(SolutionConfigurationPlatforms) = preSolution
		Debug|Any CPU = Debug|Any CPU
		Release|Any CPU = Release|Any CPU
	EndGlobalSection
	GlobalSection(ProjectConfigurationPlatforms) = postSolution
		{34C97383-D54E-42D9-830C-D963344BB928}.Debug|Any CPU.ActiveCfg = Debug|Any CPU
		{34C97383-D54E-42D9-830C-D963344BB928}.Debug|Any CPU.Build.0 = Debug|Any CPU
		{34C97383-D54E-42D9-830C-D963344BB928}.Release|Any CPU.ActiveCfg = Release|Any CPU
		{34C97383-D54E-42D9-830C-D963344BB928}.Release|Any CPU.Build.0 = Release|Any CPU
	EndGlobalSection
	GlobalSection(SolutionProperties) = preSolution
		HideSolutionNode = FALSE
	EndGlobalSection
	GlobalSection(ExtensibilityGlobals) = postSolution
		SolutionGuid = {A35502C9-9F25-42CB-AED3-FB1D55254790}
	EndGlobalSection
EndGlobal
